
Microsoft Visual Studio Solution File, Format Version 12.00
# Visual Studio Version 17
VisualStudioVersion = 17.11.35327.3
MinimumVisualStudioVersion = 10.0.40219.1
Project("{FAE04EC0-301F-11D3-BF4B-00C04F79EFBC}") = "task13", "task13.csproj", "{09F6F513-300B-4822-A234-D73706E0B60B}"
EndProject
Global
	GlobalSection(SolutionConfigurationPlatforms) = preSolution
		Debug|Any CPU = Debug|Any CPU
		Release|Any CPU = Release|Any CPU
	EndGlobalSection
	GlobalSection(ProjectConfigurationPlatforms) = postSolution
		{09F6F513-300B-4822-A234-D73706E0B60B}.Debug|Any CPU.ActiveCfg = Debug|Any CPU
		{09F6F513-300B-4822-A234-D73706E0B60B}.Debug|Any CPU.Build.0 = Debug|Any CPU
		{09F6F513-300B-4822-A234-D73706E0B60B}.Release|Any CPU.ActiveCfg = Release|Any CPU
		{09F6F513-300B-4822-A234-D73706E0B60B}.Release|Any CPU.Build.0 = Release|Any CPU
	EndGlobalSection
	GlobalSection(SolutionProperties) = preSolution
		HideSolutionNode = FALSE
	EndGlobalSection
	GlobalSection(ExtensibilityGlobals) = postSolution
		SolutionGuid = {0E43CD04-3B54-4E22-AEF0-67C65666C3AF}
	EndGlobalSection
EndGlobal
